
Microsoft Visual Studio Solution File, Format Version 12.00
# Visual Studio 15
VisualStudioVersion = 15.0.28307.645
MinimumVisualStudioVersion = 10.0.40219.1
Project("{2150E333-8FDC-42A3-9474-1A3956D46DE8}") = "0 - Presentation", "0 - Presentation", "{B5D625D7-D754-4E32-930C-1581BBB7F1A9}"
EndProject
Project("{2150E333-8FDC-42A3-9474-1A3956D46DE8}") = "1 - Services", "1 - Services", "{00FC33D6-874F-48F7-9009-BBD5CB37CC66}"
EndProject
Project("{2150E333-8FDC-42A3-9474-1A3956D46DE8}") = "3 - Domain", "3 - Domain", "{8388422A-398E-4092-B199-68C068F76E16}"
EndProject
Project("{2150E333-8FDC-42A3-9474-1A3956D46DE8}") = "2 - Application", "2 - Application", "{0A2A32E8-AFE9-4ABE-83C4-56239B4EFF8C}"
EndProject
Project("{2150E333-8FDC-42A3-9474-1A3956D46DE8}") = "4 - Infra", "4 - Infra", "{AF33BCD3-800B-456D-B97C-40DFFA1ACE7F}"
EndProject
Project("{2150E333-8FDC-42A3-9474-1A3956D46DE8}") = "4.1 - DataAccess", "4.1 - DataAccess", "{E073013E-7050-48BA-90D0-BC544DACE126}"
EndProject
Project("{2150E333-8FDC-42A3-9474-1A3956D46DE8}") = "4.2 - IOC", "4.2 - IOC", "{AAAEE02C-2BBD-4866-B49C-DECDA7E97FA4}"
EndProject
Project("{FAE04EC0-301F-11D3-BF4B-00C04F79EFBC}") = "SIS_ISENTREGA.Domain", "SIS_ISENTREGA.Domain\SIS_ISENTREGA.Domain.csproj", "{A3291700-CFF4-4ACE-9E20-1ADAE234A467}"
EndProject
Project("{FAE04EC0-301F-11D3-BF4B-00C04F79EFBC}") = "SIS_ISENTREGA.DataAccess", "SIS_ISENTREGA.Infra\SIS_ISENTREGA.DataAccess.csproj", "{9180617A-B486-4904-A82F-3322F9A02A80}"
EndProject
Project("{FAE04EC0-301F-11D3-BF4B-00C04F79EFBC}") = "SIS_ISENTREGA.Application", "SIS_ISENTREGA.Application\SIS_ISENTREGA.Application.csproj", "{813F48EC-BCC7-4BF5-A74D-B6F2DC103D0E}"
EndProject
Project("{FAE04EC0-301F-11D3-BF4B-00C04F79EFBC}") = "SIS_ISENTREGA.IOC", "SIS_ISENTREGA.IOC\SIS_ISENTREGA.IOC.csproj", "{29D83BEF-D80B-4464-A81E-C0DE59D560B4}"
EndProject
Project("{FAE04EC0-301F-11D3-BF4B-00C04F79EFBC}") = "SIS_ISENTREGA.UI", "SIS_ISENTREGA.UI\SIS_ISENTREGA.UI.csproj", "{1BA33661-A6F1-42C5-AEA8-DAD4B993E60C}"
EndProject
Project("{FAE04EC0-301F-11D3-BF4B-00C04F79EFBC}") = "SIS_ISENTREGA.Services", "SIS_ISENTREGA.Services\SIS_ISENTREGA.Services.csproj", "{4FE111C0-EEA1-4A81-BD5E-F4CB7043CCB0}"
EndProject
Global
	GlobalSection(SolutionConfigurationPlatforms) = preSolution
		Debug|Any CPU = Debug|Any CPU
		Release|Any CPU = Release|Any CPU
	EndGlobalSection
	GlobalSection(ProjectConfigurationPlatforms) = postSolution
		{A3291700-CFF4-4ACE-9E20-1ADAE234A467}.Debug|Any CPU.ActiveCfg = Debug|Any CPU
		{A3291700-CFF4-4ACE-9E20-1ADAE234A467}.Debug|Any CPU.Build.0 = Debug|Any CPU
		{A3291700-CFF4-4ACE-9E20-1ADAE234A467}.Release|Any CPU.ActiveCfg = Release|Any CPU
		{A3291700-CFF4-4ACE-9E20-1ADAE234A467}.Release|Any CPU.Build.0 = Release|Any CPU
		{9180617A-B486-4904-A82F-3322F9A02A80}.Debug|Any CPU.ActiveCfg = Debug|Any CPU
		{9180617A-B486-4904-A82F-3322F9A02A80}.Debug|Any CPU.Build.0 = Debug|Any CPU
		{9180617A-B486-4904-A82F-3322F9A02A80}.Release|Any CPU.ActiveCfg = Release|Any CPU
		{9180617A-B486-4904-A82F-3322F9A02A80}.Release|Any CPU.Build.0 = Release|Any CPU
		{813F48EC-BCC7-4BF5-A74D-B6F2DC103D0E}.Debug|Any CPU.ActiveCfg = Debug|Any CPU
		{813F48EC-BCC7-4BF5-A74D-B6F2DC103D0E}.Debug|Any CPU.Build.0 = Debug|Any CPU
		{813F48EC-BCC7-4BF5-A74D-B6F2DC103D0E}.Release|Any CPU.ActiveCfg = Release|Any CPU
		{813F48EC-BCC7-4BF5-A74D-B6F2DC103D0E}.Release|Any CPU.Build.0 = Release|Any CPU
		{29D83BEF-D80B-4464-A81E-C0DE59D560B4}.Debug|Any CPU.ActiveCfg = Debug|Any CPU
		{29D83BEF-D80B-4464-A81E-C0DE59D560B4}.Debug|Any CPU.Build.0 = Debug|Any CPU
		{29D83BEF-D80B-4464-A81E-C0DE59D560B4}.Release|Any CPU.ActiveCfg = Release|Any CPU
		{29D83BEF-D80B-4464-A81E-C0DE59D560B4}.Release|Any CPU.Build.0 = Release|Any CPU
		{1BA33661-A6F1-42C5-AEA8-DAD4B993E60C}.Debug|Any CPU.ActiveCfg = Debug|Any CPU
		{1BA33661-A6F1-42C5-AEA8-DAD4B993E60C}.Debug|Any CPU.Build.0 = Debug|Any CPU
		{1BA33661-A6F1-42C5-AEA8-DAD4B993E60C}.Release|Any CPU.ActiveCfg = Release|Any CPU
		{1BA33661-A6F1-42C5-AEA8-DAD4B993E60C}.Release|Any CPU.Build.0 = Release|Any CPU
		{4FE111C0-EEA1-4A81-BD5E-F4CB7043CCB0}.Debug|Any CPU.ActiveCfg = Debug|Any CPU
		{4FE111C0-EEA1-4A81-BD5E-F4CB7043CCB0}.Debug|Any CPU.Build.0 = Debug|Any CPU
		{4FE111C0-EEA1-4A81-BD5E-F4CB7043CCB0}.Release|Any CPU.ActiveCfg = Release|Any CPU
		{4FE111C0-EEA1-4A81-BD5E-F4CB7043CCB0}.Release|Any CPU.Build.0 = Release|Any CPU
	EndGlobalSection
	GlobalSection(SolutionProperties) = preSolution
		HideSolutionNode = FALSE
	EndGlobalSection
	GlobalSection(NestedProjects) = preSolution
		{E073013E-7050-48BA-90D0-BC544DACE126} = {AF33BCD3-800B-456D-B97C-40DFFA1ACE7F}
		{AAAEE02C-2BBD-4866-B49C-DECDA7E97FA4} = {AF33BCD3-800B-456D-B97C-40DFFA1ACE7F}
		{A3291700-CFF4-4ACE-9E20-1ADAE234A467} = {8388422A-398E-4092-B199-68C068F76E16}
		{9180617A-B486-4904-A82F-3322F9A02A80} = {E073013E-7050-48BA-90D0-BC544DACE126}
		{813F48EC-BCC7-4BF5-A74D-B6F2DC103D0E} = {0A2A32E8-AFE9-4ABE-83C4-56239B4EFF8C}
		{29D83BEF-D80B-4464-A81E-C0DE59D560B4} = {AAAEE02C-2BBD-4866-B49C-DECDA7E97FA4}
		{1BA33661-A6F1-42C5-AEA8-DAD4B993E60C} = {B5D625D7-D754-4E32-930C-1581BBB7F1A9}
		{4FE111C0-EEA1-4A81-BD5E-F4CB7043CCB0} = {00FC33D6-874F-48F7-9009-BBD5CB37CC66}
	EndGlobalSection
	GlobalSection(ExtensibilityGlobals) = postSolution
		SolutionGuid = {1126B1BA-7852-441B-844F-C6EB098562CA}
	EndGlobalSection
EndGlobal
